// !$*UTF8*$!
{
	archiveVersion = 1;
	classes = {
	};
	objectVersion = 50;
	objects = {

/* Begin PBXBuildFile section */
		4C3FFE4C21EFE4840054DF35 /* AppDelegate.swift in Sources */ = {isa = PBXBuildFile; fileRef = 4C3FFE4B21EFE4840054DF35 /* AppDelegate.swift */; };
		4C3FFE4E21EFE4840054DF35 /* ViewController.swift in Sources */ = {isa = PBXBuildFile; fileRef = 4C3FFE4D21EFE4840054DF35 /* ViewController.swift */; };
		4C3FFE5121EFE4840054DF35 /* Main.storyboard in Resources */ = {isa = PBXBuildFile; fileRef = 4C3FFE4F21EFE4840054DF35 /* Main.storyboard */; };
		4C3FFE5321EFE4870054DF35 /* Assets.xcassets in Resources */ = {isa = PBXBuildFile; fileRef = 4C3FFE5221EFE4870054DF35 /* Assets.xcassets */; };
		4C3FFE5621EFE4870054DF35 /* LaunchScreen.storyboard in Resources */ = {isa = PBXBuildFile; fileRef = 4C3FFE5421EFE4870054DF35 /* LaunchScreen.storyboard */; };
		4C3FFE6121EFE4880054DF35 /* Clear2CloseTests.swift in Sources */ = {isa = PBXBuildFile; fileRef = 4C3FFE6021EFE4880054DF35 /* Clear2CloseTests.swift */; };
		4C3FFE6C21EFE4880054DF35 /* Clear2CloseUITests.swift in Sources */ = {isa = PBXBuildFile; fileRef = 4C3FFE6B21EFE4880054DF35 /* Clear2CloseUITests.swift */; };
/* End PBXBuildFile section */

/* Begin PBXContainerItemProxy section */
		4C3FFE5D21EFE4880054DF35 /* PBXContainerItemProxy */ = {
			isa = PBXContainerItemProxy;
			containerPortal = 4C3FFE4021EFE4840054DF35 /* Project object */;
			proxyType = 1;
			remoteGlobalIDString = 4C3FFE4721EFE4840054DF35;
			remoteInfo = Clear2Close;
		};
		4C3FFE6821EFE4880054DF35 /* PBXContainerItemProxy */ = {
			isa = PBXContainerItemProxy;
			containerPortal = 4C3FFE4021EFE4840054DF35 /* Project object */;
			proxyType = 1;
			remoteGlobalIDString = 4C3FFE4721EFE4840054DF35;
			remoteInfo = Clear2Close;
		};
/* End PBXContainerItemProxy section */

/* Begin PBXFileReference section */
		4C3FFE4821EFE4840054DF35 /* Clear2Close.app */ = {isa = PBXFileReference; explicitFileType = wrapper.application; includeInIndex = 0; path = Clear2Close.app; sourceTree = BUILT_PRODUCTS_DIR; };
		4C3FFE4B21EFE4840054DF35 /* AppDelegate.swift */ = {isa = PBXFileReference; lastKnownFileType = sourcecode.swift; path = AppDelegate.swift; sourceTree = "<group>"; };
		4C3FFE4D21EFE4840054DF35 /* ViewController.swift */ = {isa = PBXFileReference; lastKnownFileType = sourcecode.swift; path = ViewController.swift; sourceTree = "<group>"; };
		4C3FFE5021EFE4840054DF35 /* Base */ = {isa = PBXFileReference; lastKnownFileType = file.storyboard; name = Base; path = Base.lproj/Main.storyboard; sourceTree = "<group>"; };
		4C3FFE5221EFE4870054DF35 /* Assets.xcassets */ = {isa = PBXFileReference; lastKnownFileType = folder.assetcatalog; path = Assets.xcassets; sourceTree = "<group>"; };
		4C3FFE5521EFE4870054DF35 /* Base */ = {isa = PBXFileReference; lastKnownFileType = file.storyboard; name = Base; path = Base.lproj/LaunchScreen.storyboard; sourceTree = "<group>"; };
		4C3FFE5721EFE4870054DF35 /* Info.plist */ = {isa = PBXFileReference; lastKnownFileType = text.plist.xml; path = Info.plist; sourceTree = "<group>"; };
		4C3FFE5C21EFE4880054DF35 /* Clear2CloseTests.xctest */ = {isa = PBXFileReference; explicitFileType = wrapper.cfbundle; includeInIndex = 0; path = Clear2CloseTests.xctest; sourceTree = BUILT_PRODUCTS_DIR; };
		4C3FFE6021EFE4880054DF35 /* Clear2CloseTests.swift */ = {isa = PBXFileReference; lastKnownFileType = sourcecode.swift; path = Clear2CloseTests.swift; sourceTree = "<group>"; };
		4C3FFE6221EFE4880054DF35 /* Info.plist */ = {isa = PBXFileReference; lastKnownFileType = text.plist.xml; path = Info.plist; sourceTree = "<group>"; };
		4C3FFE6721EFE4880054DF35 /* Clear2CloseUITests.xctest */ = {isa = PBXFileReference; explicitFileType = wrapper.cfbundle; includeInIndex = 0; path = Clear2CloseUITests.xctest; sourceTree = BUILT_PRODUCTS_DIR; };
		4C3FFE6B21EFE4880054DF35 /* Clear2CloseUITests.swift */ = {isa = PBXFileReference; lastKnownFileType = sourcecode.swift; path = Clear2CloseUITests.swift; sourceTree = "<group>"; };
		4C3FFE6D21EFE4880054DF35 /* Info.plist */ = {isa = PBXFileReference; lastKnownFileType = text.plist.xml; path = Info.plist; sourceTree = "<group>"; };
/* End PBXFileReference section */

/* Begin PBXFrameworksBuildPhase section */
		4C3FFE4521EFE4840054DF35 /* Frameworks */ = {
			isa = PBXFrameworksBuildPhase;
			buildActionMask = 2147483647;
			files = (
			);
			runOnlyForDeploymentPostprocessing = 0;
		};
		4C3FFE5921EFE4880054DF35 /* Frameworks */ = {
			isa = PBXFrameworksBuildPhase;
			buildActionMask = 2147483647;
			files = (
			);
			runOnlyForDeploymentPostprocessing = 0;
		};
		4C3FFE6421EFE4880054DF35 /* Frameworks */ = {
			isa = PBXFrameworksBuildPhase;
			buildActionMask = 2147483647;
			files = (
			);
			runOnlyForDeploymentPostprocessing = 0;
		};
/* End PBXFrameworksBuildPhase section */

/* Begin PBXGroup section */
		4C3FFE3F21EFE4840054DF35 = {
			isa = PBXGroup;
			children = (
				4C3FFE4A21EFE4840054DF35 /* Clear2Close */,
				4C3FFE5F21EFE4880054DF35 /* Clear2CloseTests */,
				4C3FFE6A21EFE4880054DF35 /* Clear2CloseUITests */,
				4C3FFE4921EFE4840054DF35 /* Products */,
			);
			sourceTree = "<group>";
		};
		4C3FFE4921EFE4840054DF35 /* Products */ = {
			isa = PBXGroup;
			children = (
				4C3FFE4821EFE4840054DF35 /* Clear2Close.app */,
				4C3FFE5C21EFE4880054DF35 /* Clear2CloseTests.xctest */,
				4C3FFE6721EFE4880054DF35 /* Clear2CloseUITests.xctest */,
			);
			name = Products;
			sourceTree = "<group>";
		};
		4C3FFE4A21EFE4840054DF35 /* Clear2Close */ = {
			isa = PBXGroup;
			children = (
				4C3FFE4B21EFE4840054DF35 /* AppDelegate.swift */,
				4C3FFE4D21EFE4840054DF35 /* ViewController.swift */,
				4C3FFE4F21EFE4840054DF35 /* Main.storyboard */,
				4C3FFE5221EFE4870054DF35 /* Assets.xcassets */,
				4C3FFE5421EFE4870054DF35 /* LaunchScreen.storyboard */,
				4C3FFE5721EFE4870054DF35 /* Info.plist */,
			);
			path = Clear2Close;
			sourceTree = "<group>";
		};
		4C3FFE5F21EFE4880054DF35 /* Clear2CloseTests */ = {
			isa = PBXGroup;
			children = (
				4C3FFE6021EFE4880054DF35 /* Clear2CloseTests.swift */,
				4C3FFE6221EFE4880054DF35 /* Info.plist */,
			);
			path = Clear2CloseTests;
			sourceTree = "<group>";
		};
		4C3FFE6A21EFE4880054DF35 /* Clear2CloseUITests */ = {
			isa = PBXGroup;
			children = (
				4C3FFE6B21EFE4880054DF35 /* Clear2CloseUITests.swift */,
				4C3FFE6D21EFE4880054DF35 /* Info.plist */,
			);
			path = Clear2CloseUITests;
			sourceTree = "<group>";
		};
/* End PBXGroup section */

/* Begin PBXNativeTarget section */
		4C3FFE4721EFE4840054DF35 /* Clear2Close */ = {
			isa = PBXNativeTarget;
			buildConfigurationList = 4C3FFE7021EFE4880054DF35 /* Build configuration list for PBXNativeTarget "Clear2Close" */;
			buildPhases = (
				4C3FFE4421EFE4840054DF35 /* Sources */,
				4C3FFE4521EFE4840054DF35 /* Frameworks */,
				4C3FFE4621EFE4840054DF35 /* Resources */,
			);
			buildRules = (
			);
			dependencies = (
			);
			name = Clear2Close;
			productName = Clear2Close;
			productReference = 4C3FFE4821EFE4840054DF35 /* Clear2Close.app */;
			productType = "com.apple.product-type.application";
		};
		4C3FFE5B21EFE4880054DF35 /* Clear2CloseTests */ = {
			isa = PBXNativeTarget;
			buildConfigurationList = 4C3FFE7321EFE4880054DF35 /* Build configuration list for PBXNativeTarget "Clear2CloseTests" */;
			buildPhases = (
				4C3FFE5821EFE4880054DF35 /* Sources */,
				4C3FFE5921EFE4880054DF35 /* Frameworks */,
				4C3FFE5A21EFE4880054DF35 /* Resources */,
			);
			buildRules = (
			);
			dependencies = (
				4C3FFE5E21EFE4880054DF35 /* PBXTargetDependency */,
			);
			name = Clear2CloseTests;
			productName = Clear2CloseTests;
			productReference = 4C3FFE5C21EFE4880054DF35 /* Clear2CloseTests.xctest */;
			productType = "com.apple.product-type.bundle.unit-test";
		};
		4C3FFE6621EFE4880054DF35 /* Clear2CloseUITests */ = {
			isa = PBXNativeTarget;
			buildConfigurationList = 4C3FFE7621EFE4880054DF35 /* Build configuration list for PBXNativeTarget "Clear2CloseUITests" */;
			buildPhases = (
				4C3FFE6321EFE4880054DF35 /* Sources */,
				4C3FFE6421EFE4880054DF35 /* Frameworks */,
				4C3FFE6521EFE4880054DF35 /* Resources */,
			);
			buildRules = (
			);
			dependencies = (
				4C3FFE6921EFE4880054DF35 /* PBXTargetDependency */,
			);
			name = Clear2CloseUITests;
			productName = Clear2CloseUITests;
			productReference = 4C3FFE6721EFE4880054DF35 /* Clear2CloseUITests.xctest */;
			productType = "com.apple.product-type.bundle.ui-testing";
		};
/* End PBXNativeTarget section */

/* Begin PBXProject section */
		4C3FFE4021EFE4840054DF35 /* Project object */ = {
			isa = PBXProject;
			attributes = {
				LastSwiftUpdateCheck = 1010;
				LastUpgradeCheck = 1010;
				ORGANIZATIONNAME = Clear2Close;
				TargetAttributes = {
					4C3FFE4721EFE4840054DF35 = {
						CreatedOnToolsVersion = 10.1;
					};
					4C3FFE5B21EFE4880054DF35 = {
						CreatedOnToolsVersion = 10.1;
						TestTargetID = 4C3FFE4721EFE4840054DF35;
					};
					4C3FFE6621EFE4880054DF35 = {
						CreatedOnToolsVersion = 10.1;
						TestTargetID = 4C3FFE4721EFE4840054DF35;
					};
				};
			};
			buildConfigurationList = 4C3FFE4321EFE4840054DF35 /* Build configuration list for PBXProject "Clear2Close" */;
			compatibilityVersion = "Xcode 9.3";
			developmentRegion = en;
			hasScannedForEncodings = 0;
			knownRegions = (
				en,
				Base,
			);
			mainGroup = 4C3FFE3F21EFE4840054DF35;
			productRefGroup = 4C3FFE4921EFE4840054DF35 /* Products */;
			projectDirPath = "";
			projectRoot = "";
			targets = (
				4C3FFE4721EFE4840054DF35 /* Clear2Close */,
				4C3FFE5B21EFE4880054DF35 /* Clear2CloseTests */,
				4C3FFE6621EFE4880054DF35 /* Clear2CloseUITests */,
			);
		};
/* End PBXProject section */

/* Begin PBXResourcesBuildPhase section */
		4C3FFE4621EFE4840054DF35 /* Resources */ = {
			isa = PBXResourcesBuildPhase;
			buildActionMask = 2147483647;
			files = (
				4C3FFE5621EFE4870054DF35 /* LaunchScreen.storyboard in Resources */,
				4C3FFE5321EFE4870054DF35 /* Assets.xcassets in Resources */,
				4C3FFE5121EFE4840054DF35 /* Main.storyboard in Resources */,
			);
			runOnlyForDeploymentPostprocessing = 0;
		};
		4C3FFE5A21EFE4880054DF35 /* Resources */ = {
			isa = PBXResourcesBuildPhase;
			buildActionMask = 2147483647;
			files = (
			);
			runOnlyForDeploymentPostprocessing = 0;
		};
		4C3FFE6521EFE4880054DF35 /* Resources */ = {
			isa = PBXResourcesBuildPhase;
			buildActionMask = 2147483647;
			files = (
			);
			runOnlyForDeploymentPostprocessing = 0;
		};
/* End PBXResourcesBuildPhase section */

/* Begin PBXSourcesBuildPhase section */
		4C3FFE4421EFE4840054DF35 /* Sources */ = {
			isa = PBXSourcesBuildPhase;
			buildActionMask = 2147483647;
			files = (
				4C3FFE4E21EFE4840054DF35 /* ViewController.swift in Sources */,
				4C3FFE4C21EFE4840054DF35 /* AppDelegate.swift in Sources */,
			);
			runOnlyForDeploymentPostprocessing = 0;
		};
		4C3FFE5821EFE4880054DF35 /* Sources */ = {
			isa = PBXSourcesBuildPhase;
			buildActionMask = 2147483647;
			files = (
				4C3FFE6121EFE4880054DF35 /* Clear2CloseTests.swift in Sources */,
			);
			runOnlyForDeploymentPostprocessing = 0;
		};
		4C3FFE6321EFE4880054DF35 /* Sources */ = {
			isa = PBXSourcesBuildPhase;
			buildActionMask = 2147483647;
			files = (
				4C3FFE6C21EFE4880054DF35 /* Clear2CloseUITests.swift in Sources */,
			);
			runOnlyForDeploymentPostprocessing = 0;
		};
/* End PBXSourcesBuildPhase section */

/* Begin PBXTargetDependency section */
		4C3FFE5E21EFE4880054DF35 /* PBXTargetDependency */ = {
			isa = PBXTargetDependency;
			target = 4C3FFE4721EFE4840054DF35 /* Clear2Close */;
			targetProxy = 4C3FFE5D21EFE4880054DF35 /* PBXContainerItemProxy */;
		};
		4C3FFE6921EFE4880054DF35 /* PBXTargetDependency */ = {
			isa = PBXTargetDependency;
			target = 4C3FFE4721EFE4840054DF35 /* Clear2Close */;
			targetProxy = 4C3FFE6821EFE4880054DF35 /* PBXContainerItemProxy */;
		};
/* End PBXTargetDependency section */

/* Begin PBXVariantGroup section */
		4C3FFE4F21EFE4840054DF35 /* Main.storyboard */ = {
			isa = PBXVariantGroup;
			children = (
				4C3FFE5021EFE4840054DF35 /* Base */,
			);
			name = Main.storyboard;
			sourceTree = "<group>";
		};
		4C3FFE5421EFE4870054DF35 /* LaunchScreen.storyboard */ = {
			isa = PBXVariantGroup;
			children = (
				4C3FFE5521EFE4870054DF35 /* Base */,
			);
			name = LaunchScreen.storyboard;
			sourceTree = "<group>";
		};
/* End PBXVariantGroup section */

/* Begin XCBuildConfiguration section */
		4C3FFE6E21EFE4880054DF35 /* Debug */ = {
			isa = XCBuildConfiguration;
			buildSettings = {
				ALWAYS_SEARCH_USER_PATHS = NO;
				CLANG_ANALYZER_NONNULL = YES;
				CLANG_ANALYZER_NUMBER_OBJECT_CONVERSION = YES_AGGRESSIVE;
				CLANG_CXX_LANGUAGE_STANDARD = "gnu++14";
				CLANG_CXX_LIBRARY = "libc++";
				CLANG_ENABLE_MODULES = YES;
				CLANG_ENABLE_OBJC_ARC = YES;
				CLANG_ENABLE_OBJC_WEAK = YES;
				CLANG_WARN_BLOCK_CAPTURE_AUTORELEASING = YES;
				CLANG_WARN_BOOL_CONVERSION = YES;
				CLANG_WARN_COMMA = YES;
				CLANG_WARN_CONSTANT_CONVERSION = YES;
				CLANG_WARN_DEPRECATED_OBJC_IMPLEMENTATIONS = YES;
				CLANG_WARN_DIRECT_OBJC_ISA_USAGE = YES_ERROR;
				CLANG_WARN_DOCUMENTATION_COMMENTS = YES;
				CLANG_WARN_EMPTY_BODY = YES;
				CLANG_WARN_ENUM_CONVERSION = YES;
				CLANG_WARN_INFINITE_RECURSION = YES;
				CLANG_WARN_INT_CONVERSION = YES;
				CLANG_WARN_NON_LITERAL_NULL_CONVERSION = YES;
				CLANG_WARN_OBJC_IMPLICIT_RETAIN_SELF = YES;
				CLANG_WARN_OBJC_LITERAL_CONVERSION = YES;
				CLANG_WARN_OBJC_ROOT_CLASS = YES_ERROR;
				CLANG_WARN_RANGE_LOOP_ANALYSIS = YES;
				CLANG_WARN_STRICT_PROTOTYPES = YES;
				CLANG_WARN_SUSPICIOUS_MOVE = YES;
				CLANG_WARN_UNGUARDED_AVAILABILITY = YES_AGGRESSIVE;
				CLANG_WARN_UNREACHABLE_CODE = YES;
				CLANG_WARN__DUPLICATE_METHOD_MATCH = YES;
				CODE_SIGN_IDENTITY = "iPhone Developer";
				COPY_PHASE_STRIP = NO;
				DEBUG_INFORMATION_FORMAT = dwarf;
				ENABLE_STRICT_OBJC_MSGSEND = YES;
				ENABLE_TESTABILITY = YES;
				GCC_C_LANGUAGE_STANDARD = gnu11;
				GCC_DYNAMIC_NO_PIC = NO;
				GCC_NO_COMMON_BLOCKS = YES;
				GCC_OPTIMIZATION_LEVEL = 0;
				GCC_PREPROCESSOR_DEFINITIONS = (
					"DEBUG=1",
					"$(inherited)",
				);
				GCC_WARN_64_TO_32_BIT_CONVERSION = YES;
				GCC_WARN_ABOUT_RETURN_TYPE = YES_ERROR;
				GCC_WARN_UNDECLARED_SELECTOR = YES;
				GCC_WARN_UNINITIALIZED_AUTOS = YES_AGGRESSIVE;
				GCC_WARN_UNUSED_FUNCTION = YES;
				GCC_WARN_UNUSED_VARIABLE = YES;
				IPHONEOS_DEPLOYMENT_TARGET = 12.1;
				MTL_ENABLE_DEBUG_INFO = INCLUDE_SOURCE;
				MTL_FAST_MATH = YES;
				ONLY_ACTIVE_ARCH = YES;
				SDKROOT = iphoneos;
				SWIFT_ACTIVE_COMPILATION_CONDITIONS = DEBUG;
				SWIFT_OPTIMIZATION_LEVEL = "-Onone";
			};
			name = Debug;
		};
		4C3FFE6F21EFE4880054DF35 /* Release */ = {
			isa = XCBuildConfiguration;
			buildSettings = {
				ALWAYS_SEARCH_USER_PATHS = NO;
				CLANG_ANALYZER_NONNULL = YES;
				CLANG_ANALYZER_NUMBER_OBJECT_CONVERSION = YES_AGGRESSIVE;
				CLANG_CXX_LANGUAGE_STANDARD = "gnu++14";
				CLANG_CXX_LIBRARY = "libc++";
				CLANG_ENABLE_MODULES = YES;
				CLANG_ENABLE_OBJC_ARC = YES;
				CLANG_ENABLE_OBJC_WEAK = YES;
				CLANG_WARN_BLOCK_CAPTURE_AUTORELEASING = YES;
				CLANG_WARN_BOOL_CONVERSION = YES;
				CLANG_WARN_COMMA = YES;
				CLANG_WARN_CONSTANT_CONVERSION = YES;
				CLANG_WARN_DEPRECATED_OBJC_IMPLEMENTATIONS = YES;
				CLANG_WARN_DIRECT_OBJC_ISA_USAGE = YES_ERROR;
				CLANG_WARN_DOCUMENTATION_COMMENTS = YES;
				CLANG_WARN_EMPTY_BODY = YES;
				CLANG_WARN_ENUM_CONVERSION = YES;
				CLANG_WARN_INFINITE_RECURSION = YES;
				CLANG_WARN_INT_CONVERSION = YES;
				CLANG_WARN_NON_LITERAL_NULL_CONVERSION = YES;
				CLANG_WARN_OBJC_IMPLICIT_RETAIN_SELF = YES;
				CLANG_WARN_OBJC_LITERAL_CONVERSION = YES;
				CLANG_WARN_OBJC_ROOT_CLASS = YES_ERROR;
				CLANG_WARN_RANGE_LOOP_ANALYSIS = YES;
				CLANG_WARN_STRICT_PROTOTYPES = YES;
				CLANG_WARN_SUSPICIOUS_MOVE = YES;
				CLANG_WARN_UNGUARDED_AVAILABILITY = YES_AGGRESSIVE;
				CLANG_WARN_UNREACHABLE_CODE = YES;
				CLANG_WARN__DUPLICATE_METHOD_MATCH = YES;
				CODE_SIGN_IDENTITY = "iPhone Developer";
				COPY_PHASE_STRIP = NO;
				DEBUG_INFORMATION_FORMAT = "dwarf-with-dsym";
				ENABLE_NS_ASSERTIONS = NO;
				ENABLE_STRICT_OBJC_MSGSEND = YES;
				GCC_C_LANGUAGE_STANDARD = gnu11;
				GCC_NO_COMMON_BLOCKS = YES;
				GCC_WARN_64_TO_32_BIT_CONVERSION = YES;
				GCC_WARN_ABOUT_RETURN_TYPE = YES_ERROR;
				GCC_WARN_UNDECLARED_SELECTOR = YES;
				GCC_WARN_UNINITIALIZED_AUTOS = YES_AGGRESSIVE;
				GCC_WARN_UNUSED_FUNCTION = YES;
				GCC_WARN_UNUSED_VARIABLE = YES;
				IPHONEOS_DEPLOYMENT_TARGET = 12.1;
				MTL_ENABLE_DEBUG_INFO = NO;
				MTL_FAST_MATH = YES;
				SDKROOT = iphoneos;
				SWIFT_COMPILATION_MODE = wholemodule;
				SWIFT_OPTIMIZATION_LEVEL = "-O";
				VALIDATE_PRODUCT = YES;
			};
			name = Release;
		};
		4C3FFE7121EFE4880054DF35 /* Debug */ = {
			isa = XCBuildConfiguration;
			buildSettings = {
				ASSETCATALOG_COMPILER_APPICON_NAME = AppIcon;
				CODE_SIGN_STYLE = Automatic;
				DEVELOPMENT_TEAM = XYNM954255;
				INFOPLIST_FILE = Clear2Close/Info.plist;
				LD_RUNPATH_SEARCH_PATHS = (
					"$(inherited)",
					"@executable_path/Frameworks",
				);
				PRODUCT_BUNDLE_IDENTIFIER = com.Clear2Close;
				PRODUCT_NAME = "$(TARGET_NAME)";
				SWIFT_VERSION = 4.2;
				TARGETED_DEVICE_FAMILY = "1,2";
			};
			name = Debug;
		};
		4C3FFE7221EFE4880054DF35 /* Release */ = {
			isa = XCBuildConfiguration;
			buildSettings = {
				ASSETCATALOG_COMPILER_APPICON_NAME = AppIcon;
				CODE_SIGN_STYLE = Automatic;
				DEVELOPMENT_TEAM = XYNM954255;
				INFOPLIST_FILE = Clear2Close/Info.plist;
				LD_RUNPATH_SEARCH_PATHS = (
					"$(inherited)",
					"@executable_path/Frameworks",
				);
				PRODUCT_BUNDLE_IDENTIFIER = com.Clear2Close;
				PRODUCT_NAME = "$(TARGET_NAME)";
				SWIFT_VERSION = 4.2;
				TARGETED_DEVICE_FAMILY = "1,2";
			};
			name = Release;
		};
		4C3FFE7421EFE4880054DF35 /* Debug */ = {
			isa = XCBuildConfiguration;
			buildSettings = {
				ALWAYS_EMBED_SWIFT_STANDARD_LIBRARIES = YES;
				BUNDLE_LOADER = "$(TEST_HOST)";
				CODE_SIGN_STYLE = Automatic;
				DEVELOPMENT_TEAM = XYNM954255;
				INFOPLIST_FILE = Clear2CloseTests/Info.plist;
				LD_RUNPATH_SEARCH_PATHS = (
					"$(inherited)",
					"@executable_path/Frameworks",
					"@loader_path/Frameworks",
				);
				PRODUCT_BUNDLE_IDENTIFIER = com.Clear2CloseTests;
				PRODUCT_NAME = "$(TARGET_NAME)";
				SWIFT_VERSION = 4.2;
				TARGETED_DEVICE_FAMILY = "1,2";
				TEST_HOST = "$(BUILT_PRODUCTS_DIR)/Clear2Close.app/Clear2Close";
			};
			name = Debug;
		};
		4C3FFE7521EFE4880054DF35 /* Release */ = {
			isa = XCBuildConfiguration;
			buildSettings = {
				ALWAYS_EMBED_SWIFT_STANDARD_LIBRARIES = YES;
				BUNDLE_LOADER = "$(TEST_HOST)";
				CODE_SIGN_STYLE = Automatic;
				DEVELOPMENT_TEAM = XYNM954255;
				INFOPLIST_FILE = Clear2CloseTests/Info.plist;
				LD_RUNPATH_SEARCH_PATHS = (
					"$(inherited)",
					"@executable_path/Frameworks",
					"@loader_path/Frameworks",
				);
				PRODUCT_BUNDLE_IDENTIFIER = com.Clear2CloseTests;
				PRODUCT_NAME = "$(TARGET_NAME)";
				SWIFT_VERSION = 4.2;
				TARGETED_DEVICE_FAMILY = "1,2";
				TEST_HOST = "$(BUILT_PRODUCTS_DIR)/Clear2Close.app/Clear2Close";
			};
			name = Release;
		};
		4C3FFE7721EFE4880054DF35 /* Debug */ = {
			isa = XCBuildConfiguration;
			buildSettings = {
				ALWAYS_EMBED_SWIFT_STANDARD_LIBRARIES = YES;
				CODE_SIGN_STYLE = Automatic;
				DEVELOPMENT_TEAM = XYNM954255;
				INFOPLIST_FILE = Clear2CloseUITests/Info.plist;
				LD_RUNPATH_SEARCH_PATHS = (
					"$(inherited)",
					"@executable_path/Frameworks",
					"@loader_path/Frameworks",
				);
				PRODUCT_BUNDLE_IDENTIFIER = com.Clear2CloseUITests;
				PRODUCT_NAME = "$(TARGET_NAME)";
				SWIFT_VERSION = 4.2;
				TARGETED_DEVICE_FAMILY = "1,2";
				TEST_TARGET_NAME = Clear2Close;
			};
			name = Debug;
		};
		4C3FFE7821EFE4880054DF35 /* Release */ = {
			isa = XCBuildConfiguration;
			buildSettings = {
				ALWAYS_EMBED_SWIFT_STANDARD_LIBRARIES = YES;
				CODE_SIGN_STYLE = Automatic;
				DEVELOPMENT_TEAM = XYNM954255;
				INFOPLIST_FILE = Clear2CloseUITests/Info.plist;
				LD_RUNPATH_SEARCH_PATHS = (
					"$(inherited)",
					"@executable_path/Frameworks",
					"@loader_path/Frameworks",
				);
				PRODUCT_BUNDLE_IDENTIFIER = com.Clear2CloseUITests;
				PRODUCT_NAME = "$(TARGET_NAME)";
				SWIFT_VERSION = 4.2;
				TARGETED_DEVICE_FAMILY = "1,2";
				TEST_TARGET_NAME = Clear2Close;
			};
			name = Release;
		};
/* End XCBuildConfiguration section */

/* Begin XCConfigurationList section */
		4C3FFE4321EFE4840054DF35 /* Build configuration list for PBXProject "Clear2Close" */ = {
			isa = XCConfigurationList;
			buildConfigurations = (
				4C3FFE6E21EFE4880054DF35 /* Debug */,
				4C3FFE6F21EFE4880054DF35 /* Release */,
			);
			defaultConfigurationIsVisible = 0;
			defaultConfigurationName = Release;
		};
		4C3FFE7021EFE4880054DF35 /* Build configuration list for PBXNativeTarget "Clear2Close" */ = {
			isa = XCConfigurationList;
			buildConfigurations = (
				4C3FFE7121EFE4880054DF35 /* Debug */,
				4C3FFE7221EFE4880054DF35 /* Release */,
			);
			defaultConfigurationIsVisible = 0;
			defaultConfigurationName = Release;
		};
		4C3FFE7321EFE4880054DF35 /* Build configuration list for PBXNativeTarget "Clear2CloseTests" */ = {
			isa = XCConfigurationList;
			buildConfigurations = (
				4C3FFE7421EFE4880054DF35 /* Debug */,
				4C3FFE7521EFE4880054DF35 /* Release */,
			);
			defaultConfigurationIsVisible = 0;
			defaultConfigurationName = Release;
		};
		4C3FFE7621EFE4880054DF35 /* Build configuration list for PBXNativeTarget "Clear2CloseUITests" */ = {
			isa = XCConfigurationList;
			buildConfigurations = (
				4C3FFE7721EFE4880054DF35 /* Debug */,
				4C3FFE7821EFE4880054DF35 /* Release */,
			);
			defaultConfigurationIsVisible = 0;
			defaultConfigurationName = Release;
		};
/* End XCConfigurationList section */
	};
	rootObject = 4C3FFE4021EFE4840054DF35 /* Project object */;
}
